
Microsoft Visual Studio Solution File, Format Version 12.00
# Visual Studio 15
VisualStudioVersion = 15.0.28010.0
MinimumVisualStudioVersion = 10.0.40219.1
Project("{FAE04EC0-301F-11D3-BF4B-00C04F79EFBC}") = "JogoDaForca", "JogoDaForca\JogoDaForca.csproj", "{C83AF996-ED2F-4733-9A01-A7639610B1B4}"
EndProject
Project("{FAE04EC0-301F-11D3-BF4B-00C04F79EFBC}") = "JogoDaForca.Controller", "JogoDaForca.Controller\JogoDaForca.Controller.csproj", "{B61138A5-4822-454F-BEB6-B0030A870904}"
EndProject
Project("{FAE04EC0-301F-11D3-BF4B-00C04F79EFBC}") = "JogoDaForca.Model", "JogoDaForca.Model\JogoDaForca.Model.csproj", "{0BB83161-FAFA-44BA-8E33-13EF040F749D}"
EndProject
Global
	GlobalSection(SolutionConfigurationPlatforms) = preSolution
		Debug|Any CPU = Debug|Any CPU
		Release|Any CPU = Release|Any CPU
	EndGlobalSection
	GlobalSection(ProjectConfigurationPlatforms) = postSolution
		{C83AF996-ED2F-4733-9A01-A7639610B1B4}.Debug|Any CPU.ActiveCfg = Debug|Any CPU
		{C83AF996-ED2F-4733-9A01-A7639610B1B4}.Debug|Any CPU.Build.0 = Debug|Any CPU
		{C83AF996-ED2F-4733-9A01-A7639610B1B4}.Release|Any CPU.ActiveCfg = Release|Any CPU
		{C83AF996-ED2F-4733-9A01-A7639610B1B4}.Release|Any CPU.Build.0 = Release|Any CPU
		{B61138A5-4822-454F-BEB6-B0030A870904}.Debug|Any CPU.ActiveCfg = Debug|Any CPU
		{B61138A5-4822-454F-BEB6-B0030A870904}.Debug|Any CPU.Build.0 = Debug|Any CPU
		{B61138A5-4822-454F-BEB6-B0030A870904}.Release|Any CPU.ActiveCfg = Release|Any CPU
		{B61138A5-4822-454F-BEB6-B0030A870904}.Release|Any CPU.Build.0 = Release|Any CPU
		{0BB83161-FAFA-44BA-8E33-13EF040F749D}.Debug|Any CPU.ActiveCfg = Debug|Any CPU
		{0BB83161-FAFA-44BA-8E33-13EF040F749D}.Debug|Any CPU.Build.0 = Debug|Any CPU
		{0BB83161-FAFA-44BA-8E33-13EF040F749D}.Release|Any CPU.ActiveCfg = Release|Any CPU
		{0BB83161-FAFA-44BA-8E33-13EF040F749D}.Release|Any CPU.Build.0 = Release|Any CPU
	EndGlobalSection
	GlobalSection(SolutionProperties) = preSolution
		HideSolutionNode = FALSE
	EndGlobalSection
	GlobalSection(ExtensibilityGlobals) = postSolution
		SolutionGuid = {DD89EE9E-C12A-4EE0-8C86-85F22E000E27}
	EndGlobalSection
EndGlobal
